
Microsoft Visual Studio Solution File, Format Version 12.00
# Visual Studio Version 16
VisualStudioVersion = 16.0.30907.101
MinimumVisualStudioVersion = 10.0.40219.1
Project("{FAE04EC0-301F-11D3-BF4B-00C04F79EFBC}") = "ConsoleApp2", "ConsoleApp2\ConsoleApp2.csproj", "{76C15415-4423-4AC9-9B6F-B836D78686B4}"
EndProject
Project("{FAE04EC0-301F-11D3-BF4B-00C04F79EFBC}") = "XUnitTestProject1", "XUnitTestProject1\XUnitTestProject1.csproj", "{9A36A3A0-4124-481A-B6BE-A9E50FA9A327}"
EndProject
Global
	GlobalSection(SolutionConfigurationPlatforms) = preSolution
		Debug|Any CPU = Debug|Any CPU
		Release|Any CPU = Release|Any CPU
	EndGlobalSection
	GlobalSection(ProjectConfigurationPlatforms) = postSolution
		{76C15415-4423-4AC9-9B6F-B836D78686B4}.Debug|Any CPU.ActiveCfg = Debug|Any CPU
		{76C15415-4423-4AC9-9B6F-B836D78686B4}.Debug|Any CPU.Build.0 = Debug|Any CPU
		{76C15415-4423-4AC9-9B6F-B836D78686B4}.Release|Any CPU.ActiveCfg = Release|Any CPU
		{76C15415-4423-4AC9-9B6F-B836D78686B4}.Release|Any CPU.Build.0 = Release|Any CPU
		{9A36A3A0-4124-481A-B6BE-A9E50FA9A327}.Debug|Any CPU.ActiveCfg = Debug|Any CPU
		{9A36A3A0-4124-481A-B6BE-A9E50FA9A327}.Debug|Any CPU.Build.0 = Debug|Any CPU
		{9A36A3A0-4124-481A-B6BE-A9E50FA9A327}.Release|Any CPU.ActiveCfg = Release|Any CPU
		{9A36A3A0-4124-481A-B6BE-A9E50FA9A327}.Release|Any CPU.Build.0 = Release|Any CPU
	EndGlobalSection
	GlobalSection(SolutionProperties) = preSolution
		HideSolutionNode = FALSE
	EndGlobalSection
	GlobalSection(ExtensibilityGlobals) = postSolution
		SolutionGuid = {791EBABF-C69B-4EC8-AAA6-1A4B44C3C6EE}
	EndGlobalSection
EndGlobal
